
Microsoft Visual Studio Solution File, Format Version 12.00
# Visual Studio Version 17
VisualStudioVersion = 17.1.32414.318
MinimumVisualStudioVersion = 10.0.40219.1
Project("{FAE04EC0-301F-11D3-BF4B-00C04F79EFBC}") = "lab2_Pim", "lab2_Pim.csproj", "{6FA12B39-9509-4B50-8974-F3473C58B55E}"
EndProject
Global
	GlobalSection(SolutionConfigurationPlatforms) = preSolution
		Debug|Any CPU = Debug|Any CPU
		Release|Any CPU = Release|Any CPU
	EndGlobalSection
	GlobalSection(ProjectConfigurationPlatforms) = postSolution
		{6FA12B39-9509-4B50-8974-F3473C58B55E}.Debug|Any CPU.ActiveCfg = Debug|Any CPU
		{6FA12B39-9509-4B50-8974-F3473C58B55E}.Debug|Any CPU.Build.0 = Debug|Any CPU
		{6FA12B39-9509-4B50-8974-F3473C58B55E}.Release|Any CPU.ActiveCfg = Release|Any CPU
		{6FA12B39-9509-4B50-8974-F3473C58B55E}.Release|Any CPU.Build.0 = Release|Any CPU
	EndGlobalSection
	GlobalSection(SolutionProperties) = preSolution
		HideSolutionNode = FALSE
	EndGlobalSection
	GlobalSection(ExtensibilityGlobals) = postSolution
		SolutionGuid = {7E758EA6-5269-46F5-80F9-5BB9E2EA0A6D}
	EndGlobalSection
EndGlobal
